// !$*UTF8*$!
{
	archiveVersion = 1;
	classes = {
	};
	objectVersion = 55;
	objects = {

/* Begin PBXBuildFile section */
		6C7DEC2A285DD744001872AC /* VKWithSwiftUIApp.swift in Sources */ = {isa = PBXBuildFile; fileRef = 6C7DEC29285DD744001872AC /* VKWithSwiftUIApp.swift */; };
		6C7DEC2C285DD744001872AC /* LoginView.swift in Sources */ = {isa = PBXBuildFile; fileRef = 6C7DEC2B285DD744001872AC /* LoginView.swift */; };
		6C7DEC2E285DD746001872AC /* Assets.xcassets in Resources */ = {isa = PBXBuildFile; fileRef = 6C7DEC2D285DD746001872AC /* Assets.xcassets */; };
		6C7DEC31285DD746001872AC /* Preview Assets.xcassets in Resources */ = {isa = PBXBuildFile; fileRef = 6C7DEC30285DD746001872AC /* Preview Assets.xcassets */; };
		6CA3D3D72864F2FC00A5A146 /* FriendsView.swift in Sources */ = {isa = PBXBuildFile; fileRef = 6CA3D3D62864F2FC00A5A146 /* FriendsView.swift */; };
		6CA3D3DA2864F4AC00A5A146 /* ContainerView.swift in Sources */ = {isa = PBXBuildFile; fileRef = 6CA3D3D92864F4AC00A5A146 /* ContainerView.swift */; };
		6CA3D3DD2864F98000A5A146 /* Friend.swift in Sources */ = {isa = PBXBuildFile; fileRef = 6CA3D3DC2864F98000A5A146 /* Friend.swift */; };
		6CA3D3E02864FEC500A5A146 /* PhotosView.swift in Sources */ = {isa = PBXBuildFile; fileRef = 6CA3D3DF2864FEC500A5A146 /* PhotosView.swift */; };
		6CA3D3E82865060600A5A146 /* Photo.swift in Sources */ = {isa = PBXBuildFile; fileRef = 6CA3D3E72865060600A5A146 /* Photo.swift */; };
		6CA3D3F328657A2B00A5A146 /* TabBar.swift in Sources */ = {isa = PBXBuildFile; fileRef = 6CA3D3F228657A2B00A5A146 /* TabBar.swift */; };
		6CA3D3F628657B2400A5A146 /* GroupsView.swift in Sources */ = {isa = PBXBuildFile; fileRef = 6CA3D3F528657B2400A5A146 /* GroupsView.swift */; };
		6CA3D3F828657B3D00A5A146 /* Group.swift in Sources */ = {isa = PBXBuildFile; fileRef = 6CA3D3F728657B3D00A5A146 /* Group.swift */; };
		6CA3D4232869649200A5A146 /* VKLoginvWebView.swift in Sources */ = {isa = PBXBuildFile; fileRef = 6CA3D4222869649200A5A146 /* VKLoginvWebView.swift */; };
		6CA3D4262869660F00A5A146 /* SessionData.swift in Sources */ = {isa = PBXBuildFile; fileRef = 6CA3D4252869660F00A5A146 /* SessionData.swift */; };
		6CA3D42A2869867D00A5A146 /* Request.swift in Sources */ = {isa = PBXBuildFile; fileRef = 6CA3D4292869867D00A5A146 /* Request.swift */; };
		6CA3D42C286986D500A5A146 /* RequestService.swift in Sources */ = {isa = PBXBuildFile; fileRef = 6CA3D42B286986D500A5A146 /* RequestService.swift */; };
		6CA3D42E2869870200A5A146 /* Response.swift in Sources */ = {isa = PBXBuildFile; fileRef = 6CA3D42D2869870200A5A146 /* Response.swift */; };
		6CA3D431286987DC00A5A146 /* FriendViewModel.swift in Sources */ = {isa = PBXBuildFile; fileRef = 6CA3D430286987DC00A5A146 /* FriendViewModel.swift */; };
		6CA3D43428698AF000A5A146 /* Kingfisher in Frameworks */ = {isa = PBXBuildFile; productRef = 6CA3D43328698AF000A5A146 /* Kingfisher */; };
		6CA3D4362869978600A5A146 /* GroupViewModel.swift in Sources */ = {isa = PBXBuildFile; fileRef = 6CA3D4352869978600A5A146 /* GroupViewModel.swift */; };
		6CA3D4382869979500A5A146 /* PhotoViewModel.swift in Sources */ = {isa = PBXBuildFile; fileRef = 6CA3D4372869979400A5A146 /* PhotoViewModel.swift */; };
		6CA97E54285F31F80000A491 /* FriendCell.swift in Sources */ = {isa = PBXBuildFile; fileRef = 6CA97E53285F31F80000A491 /* FriendCell.swift */; };
		6CA97E56285F320D0000A491 /* GroupCell.swift in Sources */ = {isa = PBXBuildFile; fileRef = 6CA97E55285F320D0000A491 /* GroupCell.swift */; };
		6CA97E58285F339A0000A491 /* AvatarOfCell.swift in Sources */ = {isa = PBXBuildFile; fileRef = 6CA97E57285F339A0000A491 /* AvatarOfCell.swift */; };
/* End PBXBuildFile section */

/* Begin PBXFileReference section */
		6C7DEC26285DD744001872AC /* VKWithSwiftUI.app */ = {isa = PBXFileReference; explicitFileType = wrapper.application; includeInIndex = 0; path = VKWithSwiftUI.app; sourceTree = BUILT_PRODUCTS_DIR; };
		6C7DEC29285DD744001872AC /* VKWithSwiftUIApp.swift */ = {isa = PBXFileReference; lastKnownFileType = sourcecode.swift; path = VKWithSwiftUIApp.swift; sourceTree = "<group>"; };
		6C7DEC2B285DD744001872AC /* LoginView.swift */ = {isa = PBXFileReference; lastKnownFileType = sourcecode.swift; path = LoginView.swift; sourceTree = "<group>"; };
		6C7DEC2D285DD746001872AC /* Assets.xcassets */ = {isa = PBXFileReference; lastKnownFileType = folder.assetcatalog; path = Assets.xcassets; sourceTree = "<group>"; };
		6C7DEC30285DD746001872AC /* Preview Assets.xcassets */ = {isa = PBXFileReference; lastKnownFileType = folder.assetcatalog; path = "Preview Assets.xcassets"; sourceTree = "<group>"; };
		6CA3D3D62864F2FC00A5A146 /* FriendsView.swift */ = {isa = PBXFileReference; lastKnownFileType = sourcecode.swift; path = FriendsView.swift; sourceTree = "<group>"; };
		6CA3D3D92864F4AC00A5A146 /* ContainerView.swift */ = {isa = PBXFileReference; lastKnownFileType = sourcecode.swift; path = ContainerView.swift; sourceTree = "<group>"; };
		6CA3D3DC2864F98000A5A146 /* Friend.swift */ = {isa = PBXFileReference; lastKnownFileType = sourcecode.swift; path = Friend.swift; sourceTree = "<group>"; };
		6CA3D3DF2864FEC500A5A146 /* PhotosView.swift */ = {isa = PBXFileReference; lastKnownFileType = sourcecode.swift; path = PhotosView.swift; sourceTree = "<group>"; };
		6CA3D3E72865060600A5A146 /* Photo.swift */ = {isa = PBXFileReference; lastKnownFileType = sourcecode.swift; path = Photo.swift; sourceTree = "<group>"; };
		6CA3D3F228657A2B00A5A146 /* TabBar.swift */ = {isa = PBXFileReference; lastKnownFileType = sourcecode.swift; path = TabBar.swift; sourceTree = "<group>"; };
		6CA3D3F528657B2400A5A146 /* GroupsView.swift */ = {isa = PBXFileReference; lastKnownFileType = sourcecode.swift; path = GroupsView.swift; sourceTree = "<group>"; };
		6CA3D3F728657B3D00A5A146 /* Group.swift */ = {isa = PBXFileReference; lastKnownFileType = sourcecode.swift; path = Group.swift; sourceTree = "<group>"; };
		6CA3D4222869649200A5A146 /* VKLoginvWebView.swift */ = {isa = PBXFileReference; lastKnownFileType = sourcecode.swift; path = VKLoginvWebView.swift; sourceTree = "<group>"; };
		6CA3D4252869660F00A5A146 /* SessionData.swift */ = {isa = PBXFileReference; lastKnownFileType = sourcecode.swift; path = SessionData.swift; sourceTree = "<group>"; };
		6CA3D4292869867D00A5A146 /* Request.swift */ = {isa = PBXFileReference; lastKnownFileType = sourcecode.swift; path = Request.swift; sourceTree = "<group>"; };
		6CA3D42B286986D500A5A146 /* RequestService.swift */ = {isa = PBXFileReference; lastKnownFileType = sourcecode.swift; path = RequestService.swift; sourceTree = "<group>"; };
		6CA3D42D2869870200A5A146 /* Response.swift */ = {isa = PBXFileReference; lastKnownFileType = sourcecode.swift; path = Response.swift; sourceTree = "<group>"; };
		6CA3D430286987DC00A5A146 /* FriendViewModel.swift */ = {isa = PBXFileReference; lastKnownFileType = sourcecode.swift; path = FriendViewModel.swift; sourceTree = "<group>"; };
		6CA3D4352869978600A5A146 /* GroupViewModel.swift */ = {isa = PBXFileReference; lastKnownFileType = sourcecode.swift; path = GroupViewModel.swift; sourceTree = "<group>"; };
		6CA3D4372869979400A5A146 /* PhotoViewModel.swift */ = {isa = PBXFileReference; lastKnownFileType = sourcecode.swift; path = PhotoViewModel.swift; sourceTree = "<group>"; };
		6CA97E53285F31F80000A491 /* FriendCell.swift */ = {isa = PBXFileReference; lastKnownFileType = sourcecode.swift; path = FriendCell.swift; sourceTree = "<group>"; };
		6CA97E55285F320D0000A491 /* GroupCell.swift */ = {isa = PBXFileReference; lastKnownFileType = sourcecode.swift; path = GroupCell.swift; sourceTree = "<group>"; };
		6CA97E57285F339A0000A491 /* AvatarOfCell.swift */ = {isa = PBXFileReference; lastKnownFileType = sourcecode.swift; path = AvatarOfCell.swift; sourceTree = "<group>"; };
/* End PBXFileReference section */

/* Begin PBXFrameworksBuildPhase section */
		6C7DEC23285DD744001872AC /* Frameworks */ = {
			isa = PBXFrameworksBuildPhase;
			buildActionMask = 2147483647;
			files = (
				6CA3D43428698AF000A5A146 /* Kingfisher in Frameworks */,
			);
			runOnlyForDeploymentPostprocessing = 0;
		};
/* End PBXFrameworksBuildPhase section */

/* Begin PBXGroup section */
		6C7DEC1D285DD744001872AC = {
			isa = PBXGroup;
			children = (
				6C7DEC28285DD744001872AC /* VKWithSwiftUI */,
				6C7DEC27285DD744001872AC /* Products */,
			);
			sourceTree = "<group>";
		};
		6C7DEC27285DD744001872AC /* Products */ = {
			isa = PBXGroup;
			children = (
				6C7DEC26285DD744001872AC /* VKWithSwiftUI.app */,
			);
			name = Products;
			sourceTree = "<group>";
		};
		6C7DEC28285DD744001872AC /* VKWithSwiftUI */ = {
			isa = PBXGroup;
			children = (
				6CA3D42F286987C900A5A146 /* ViewModels */,
				6CA3D424286965FF00A5A146 /* General */,
				6CA3D4212869648000A5A146 /* Services */,
				6CA3D3DB2864F96F00A5A146 /* Models */,
				6CA3D3D52864F2DF00A5A146 /* Screens */,
				6CA97E52285F31E10000A491 /* ReusableCells */,
				6C7DEC29285DD744001872AC /* VKWithSwiftUIApp.swift */,
				6C7DEC2D285DD746001872AC /* Assets.xcassets */,
				6C7DEC2F285DD746001872AC /* Preview Content */,
			);
			path = VKWithSwiftUI;
			sourceTree = "<group>";
		};
		6C7DEC2F285DD746001872AC /* Preview Content */ = {
			isa = PBXGroup;
			children = (
				6C7DEC30285DD746001872AC /* Preview Assets.xcassets */,
			);
			path = "Preview Content";
			sourceTree = "<group>";
		};
		6CA3D3D52864F2DF00A5A146 /* Screens */ = {
			isa = PBXGroup;
			children = (
				6C7DEC2B285DD744001872AC /* LoginView.swift */,
				6CA3D4222869649200A5A146 /* VKLoginvWebView.swift */,
				6CA3D3F128657A1B00A5A146 /* TabBar */,
				6CA3D3D82864F49100A5A146 /* Navigation */,
				6CA3D3DE2864FEB300A5A146 /* Friends */,
				6CA3D3E6286503F700A5A146 /* Photos */,
				6CA3D3F428657AE700A5A146 /* GroupsView */,
			);
			path = Screens;
			sourceTree = "<group>";
		};
		6CA3D3D82864F49100A5A146 /* Navigation */ = {
			isa = PBXGroup;
			children = (
				6CA3D3D92864F4AC00A5A146 /* ContainerView.swift */,
			);
			path = Navigation;
			sourceTree = "<group>";
		};
		6CA3D3DB2864F96F00A5A146 /* Models */ = {
			isa = PBXGroup;
			children = (
				6CA3D3DC2864F98000A5A146 /* Friend.swift */,
				6CA3D3E72865060600A5A146 /* Photo.swift */,
				6CA3D3F728657B3D00A5A146 /* Group.swift */,
				6CA3D42D2869870200A5A146 /* Response.swift */,
			);
			path = Models;
			sourceTree = "<group>";
		};
		6CA3D3DE2864FEB300A5A146 /* Friends */ = {
			isa = PBXGroup;
			children = (
				6CA3D3D62864F2FC00A5A146 /* FriendsView.swift */,
			);
			path = Friends;
			sourceTree = "<group>";
		};
		6CA3D3E6286503F700A5A146 /* Photos */ = {
			isa = PBXGroup;
			children = (
				6CA3D3DF2864FEC500A5A146 /* PhotosView.swift */,
			);
			path = Photos;
			sourceTree = "<group>";
		};
		6CA3D3F128657A1B00A5A146 /* TabBar */ = {
			isa = PBXGroup;
			children = (
				6CA3D3F228657A2B00A5A146 /* TabBar.swift */,
			);
			path = TabBar;
			sourceTree = "<group>";
		};
		6CA3D3F428657AE700A5A146 /* GroupsView */ = {
			isa = PBXGroup;
			children = (
				6CA3D3F528657B2400A5A146 /* GroupsView.swift */,
			);
			path = GroupsView;
			sourceTree = "<group>";
		};
		6CA3D4212869648000A5A146 /* Services */ = {
			isa = PBXGroup;
			children = (
				6CA3D4292869867D00A5A146 /* Request.swift */,
				6CA3D42B286986D500A5A146 /* RequestService.swift */,
			);
			path = Services;
			sourceTree = "<group>";
		};
		6CA3D424286965FF00A5A146 /* General */ = {
			isa = PBXGroup;
			children = (
				6CA3D4252869660F00A5A146 /* SessionData.swift */,
			);
			path = General;
			sourceTree = "<group>";
		};
		6CA3D42F286987C900A5A146 /* ViewModels */ = {
			isa = PBXGroup;
			children = (
				6CA3D430286987DC00A5A146 /* FriendViewModel.swift */,
				6CA3D4352869978600A5A146 /* GroupViewModel.swift */,
				6CA3D4372869979400A5A146 /* PhotoViewModel.swift */,
			);
			path = ViewModels;
			sourceTree = "<group>";
		};
		6CA97E52285F31E10000A491 /* ReusableCells */ = {
			isa = PBXGroup;
			children = (
				6CA97E53285F31F80000A491 /* FriendCell.swift */,
				6CA97E55285F320D0000A491 /* GroupCell.swift */,
				6CA97E57285F339A0000A491 /* AvatarOfCell.swift */,
			);
			path = ReusableCells;
			sourceTree = "<group>";
		};
/* End PBXGroup section */

/* Begin PBXNativeTarget section */
		6C7DEC25285DD744001872AC /* VKWithSwiftUI */ = {
			isa = PBXNativeTarget;
			buildConfigurationList = 6C7DEC34285DD746001872AC /* Build configuration list for PBXNativeTarget "VKWithSwiftUI" */;
			buildPhases = (
				6C7DEC22285DD744001872AC /* Sources */,
				6C7DEC23285DD744001872AC /* Frameworks */,
				6C7DEC24285DD744001872AC /* Resources */,
			);
			buildRules = (
			);
			dependencies = (
			);
			name = VKWithSwiftUI;
			packageProductDependencies = (
				6CA3D43328698AF000A5A146 /* Kingfisher */,
			);
			productName = VKWithSwiftUI;
			productReference = 6C7DEC26285DD744001872AC /* VKWithSwiftUI.app */;
			productType = "com.apple.product-type.application";
		};
/* End PBXNativeTarget section */

/* Begin PBXProject section */
		6C7DEC1E285DD744001872AC /* Project object */ = {
			isa = PBXProject;
			attributes = {
				BuildIndependentTargetsInParallel = 1;
				LastSwiftUpdateCheck = 1310;
				LastUpgradeCheck = 1310;
				TargetAttributes = {
					6C7DEC25285DD744001872AC = {
						CreatedOnToolsVersion = 13.1;
					};
				};
			};
			buildConfigurationList = 6C7DEC21285DD744001872AC /* Build configuration list for PBXProject "VKWithSwiftUI" */;
			compatibilityVersion = "Xcode 13.0";
			developmentRegion = en;
			hasScannedForEncodings = 0;
			knownRegions = (
				en,
				Base,
			);
			mainGroup = 6C7DEC1D285DD744001872AC;
			packageReferences = (
				6CA3D43228698AF000A5A146 /* XCRemoteSwiftPackageReference "Kingfisher" */,
			);
			productRefGroup = 6C7DEC27285DD744001872AC /* Products */;
			projectDirPath = "";
			projectRoot = "";
			targets = (
				6C7DEC25285DD744001872AC /* VKWithSwiftUI */,
			);
		};
/* End PBXProject section */

/* Begin PBXResourcesBuildPhase section */
		6C7DEC24285DD744001872AC /* Resources */ = {
			isa = PBXResourcesBuildPhase;
			buildActionMask = 2147483647;
			files = (
				6C7DEC31285DD746001872AC /* Preview Assets.xcassets in Resources */,
				6C7DEC2E285DD746001872AC /* Assets.xcassets in Resources */,
			);
			runOnlyForDeploymentPostprocessing = 0;
		};
/* End PBXResourcesBuildPhase section */

/* Begin PBXSourcesBuildPhase section */
		6C7DEC22285DD744001872AC /* Sources */ = {
			isa = PBXSourcesBuildPhase;
			buildActionMask = 2147483647;
			files = (
				6CA3D3D72864F2FC00A5A146 /* FriendsView.swift in Sources */,
				6CA3D42C286986D500A5A146 /* RequestService.swift in Sources */,
				6CA3D3E02864FEC500A5A146 /* PhotosView.swift in Sources */,
				6C7DEC2C285DD744001872AC /* LoginView.swift in Sources */,
				6CA3D4362869978600A5A146 /* GroupViewModel.swift in Sources */,
				6CA3D42E2869870200A5A146 /* Response.swift in Sources */,
				6CA3D4232869649200A5A146 /* VKLoginvWebView.swift in Sources */,
				6CA97E58285F339A0000A491 /* AvatarOfCell.swift in Sources */,
				6CA3D3E82865060600A5A146 /* Photo.swift in Sources */,
				6CA3D42A2869867D00A5A146 /* Request.swift in Sources */,
				6CA3D431286987DC00A5A146 /* FriendViewModel.swift in Sources */,
				6CA97E54285F31F80000A491 /* FriendCell.swift in Sources */,
				6CA3D3F828657B3D00A5A146 /* Group.swift in Sources */,
				6CA3D3F628657B2400A5A146 /* GroupsView.swift in Sources */,
				6CA3D4262869660F00A5A146 /* SessionData.swift in Sources */,
				6C7DEC2A285DD744001872AC /* VKWithSwiftUIApp.swift in Sources */,
				6CA3D4382869979500A5A146 /* PhotoViewModel.swift in Sources */,
				6CA3D3DA2864F4AC00A5A146 /* ContainerView.swift in Sources */,
				6CA3D3F328657A2B00A5A146 /* TabBar.swift in Sources */,
				6CA97E56285F320D0000A491 /* GroupCell.swift in Sources */,
				6CA3D3DD2864F98000A5A146 /* Friend.swift in Sources */,
			);
			runOnlyForDeploymentPostprocessing = 0;
		};
/* End PBXSourcesBuildPhase section */

/* Begin XCBuildConfiguration section */
		6C7DEC32285DD746001872AC /* Debug */ = {
			isa = XCBuildConfiguration;
			buildSettings = {
				ALWAYS_SEARCH_USER_PATHS = NO;
				CLANG_ANALYZER_NONNULL = YES;
				CLANG_ANALYZER_NUMBER_OBJECT_CONVERSION = YES_AGGRESSIVE;
				CLANG_CXX_LANGUAGE_STANDARD = "gnu++17";
				CLANG_CXX_LIBRARY = "libc++";
				CLANG_ENABLE_MODULES = YES;
				CLANG_ENABLE_OBJC_ARC = YES;
				CLANG_ENABLE_OBJC_WEAK = YES;
				CLANG_WARN_BLOCK_CAPTURE_AUTORELEASING = YES;
				CLANG_WARN_BOOL_CONVERSION = YES;
				CLANG_WARN_COMMA = YES;
				CLANG_WARN_CONSTANT_CONVERSION = YES;
				CLANG_WARN_DEPRECATED_OBJC_IMPLEMENTATIONS = YES;
				CLANG_WARN_DIRECT_OBJC_ISA_USAGE = YES_ERROR;
				CLANG_WARN_DOCUMENTATION_COMMENTS = YES;
				CLANG_WARN_EMPTY_BODY = YES;
				CLANG_WARN_ENUM_CONVERSION = YES;
				CLANG_WARN_INFINITE_RECURSION = YES;
				CLANG_WARN_INT_CONVERSION = YES;
				CLANG_WARN_NON_LITERAL_NULL_CONVERSION = YES;
				CLANG_WARN_OBJC_IMPLICIT_RETAIN_SELF = YES;
				CLANG_WARN_OBJC_LITERAL_CONVERSION = YES;
				CLANG_WARN_OBJC_ROOT_CLASS = YES_ERROR;
				CLANG_WARN_QUOTED_INCLUDE_IN_FRAMEWORK_HEADER = YES;
				CLANG_WARN_RANGE_LOOP_ANALYSIS = YES;
				CLANG_WARN_STRICT_PROTOTYPES = YES;
				CLANG_WARN_SUSPICIOUS_MOVE = YES;
				CLANG_WARN_UNGUARDED_AVAILABILITY = YES_AGGRESSIVE;
				CLANG_WARN_UNREACHABLE_CODE = YES;
				CLANG_WARN__DUPLICATE_METHOD_MATCH = YES;
				COPY_PHASE_STRIP = NO;
				DEBUG_INFORMATION_FORMAT = dwarf;
				ENABLE_STRICT_OBJC_MSGSEND = YES;
				ENABLE_TESTABILITY = YES;
				GCC_C_LANGUAGE_STANDARD = gnu11;
				GCC_DYNAMIC_NO_PIC = NO;
				GCC_NO_COMMON_BLOCKS = YES;
				GCC_OPTIMIZATION_LEVEL = 0;
				GCC_PREPROCESSOR_DEFINITIONS = (
					"DEBUG=1",
					"$(inherited)",
				);
				GCC_WARN_64_TO_32_BIT_CONVERSION = YES;
				GCC_WARN_ABOUT_RETURN_TYPE = YES_ERROR;
				GCC_WARN_UNDECLARED_SELECTOR = YES;
				GCC_WARN_UNINITIALIZED_AUTOS = YES_AGGRESSIVE;
				GCC_WARN_UNUSED_FUNCTION = YES;
				GCC_WARN_UNUSED_VARIABLE = YES;
				IPHONEOS_DEPLOYMENT_TARGET = 15.0;
				MTL_ENABLE_DEBUG_INFO = INCLUDE_SOURCE;
				MTL_FAST_MATH = YES;
				ONLY_ACTIVE_ARCH = YES;
				SDKROOT = iphoneos;
				SWIFT_ACTIVE_COMPILATION_CONDITIONS = DEBUG;
				SWIFT_OPTIMIZATION_LEVEL = "-Onone";
			};
			name = Debug;
		};
		6C7DEC33285DD746001872AC /* Release */ = {
			isa = XCBuildConfiguration;
			buildSettings = {
				ALWAYS_SEARCH_USER_PATHS = NO;
				CLANG_ANALYZER_NONNULL = YES;
				CLANG_ANALYZER_NUMBER_OBJECT_CONVERSION = YES_AGGRESSIVE;
				CLANG_CXX_LANGUAGE_STANDARD = "gnu++17";
				CLANG_CXX_LIBRARY = "libc++";
				CLANG_ENABLE_MODULES = YES;
				CLANG_ENABLE_OBJC_ARC = YES;
				CLANG_ENABLE_OBJC_WEAK = YES;
				CLANG_WARN_BLOCK_CAPTURE_AUTORELEASING = YES;
				CLANG_WARN_BOOL_CONVERSION = YES;
				CLANG_WARN_COMMA = YES;
				CLANG_WARN_CONSTANT_CONVERSION = YES;
				CLANG_WARN_DEPRECATED_OBJC_IMPLEMENTATIONS = YES;
				CLANG_WARN_DIRECT_OBJC_ISA_USAGE = YES_ERROR;
				CLANG_WARN_DOCUMENTATION_COMMENTS = YES;
				CLANG_WARN_EMPTY_BODY = YES;
				CLANG_WARN_ENUM_CONVERSION = YES;
				CLANG_WARN_INFINITE_RECURSION = YES;
				CLANG_WARN_INT_CONVERSION = YES;
				CLANG_WARN_NON_LITERAL_NULL_CONVERSION = YES;
				CLANG_WARN_OBJC_IMPLICIT_RETAIN_SELF = YES;
				CLANG_WARN_OBJC_LITERAL_CONVERSION = YES;
				CLANG_WARN_OBJC_ROOT_CLASS = YES_ERROR;
				CLANG_WARN_QUOTED_INCLUDE_IN_FRAMEWORK_HEADER = YES;
				CLANG_WARN_RANGE_LOOP_ANALYSIS = YES;
				CLANG_WARN_STRICT_PROTOTYPES = YES;
				CLANG_WARN_SUSPICIOUS_MOVE = YES;
				CLANG_WARN_UNGUARDED_AVAILABILITY = YES_AGGRESSIVE;
				CLANG_WARN_UNREACHABLE_CODE = YES;
				CLANG_WARN__DUPLICATE_METHOD_MATCH = YES;
				COPY_PHASE_STRIP = NO;
				DEBUG_INFORMATION_FORMAT = "dwarf-with-dsym";
				ENABLE_NS_ASSERTIONS = NO;
				ENABLE_STRICT_OBJC_MSGSEND = YES;
				GCC_C_LANGUAGE_STANDARD = gnu11;
				GCC_NO_COMMON_BLOCKS = YES;
				GCC_WARN_64_TO_32_BIT_CONVERSION = YES;
				GCC_WARN_ABOUT_RETURN_TYPE = YES_ERROR;
				GCC_WARN_UNDECLARED_SELECTOR = YES;
				GCC_WARN_UNINITIALIZED_AUTOS = YES_AGGRESSIVE;
				GCC_WARN_UNUSED_FUNCTION = YES;
				GCC_WARN_UNUSED_VARIABLE = YES;
				IPHONEOS_DEPLOYMENT_TARGET = 15.0;
				MTL_ENABLE_DEBUG_INFO = NO;
				MTL_FAST_MATH = YES;
				SDKROOT = iphoneos;
				SWIFT_COMPILATION_MODE = wholemodule;
				SWIFT_OPTIMIZATION_LEVEL = "-O";
				VALIDATE_PRODUCT = YES;
			};
			name = Release;
		};
		6C7DEC35285DD746001872AC /* Debug */ = {
			isa = XCBuildConfiguration;
			buildSettings = {
				ASSETCATALOG_COMPILER_APPICON_NAME = AppIcon;
				ASSETCATALOG_COMPILER_GLOBAL_ACCENT_COLOR_NAME = AccentColor;
				CODE_SIGN_STYLE = Automatic;
				CURRENT_PROJECT_VERSION = 1;
				DEVELOPMENT_ASSET_PATHS = "\"VKWithSwiftUI/Preview Content\"";
				DEVELOPMENT_TEAM = AK35JG733X;
				ENABLE_PREVIEWS = YES;
				GENERATE_INFOPLIST_FILE = YES;
				INFOPLIST_KEY_UIApplicationSceneManifest_Generation = YES;
				INFOPLIST_KEY_UIApplicationSupportsIndirectInputEvents = YES;
				INFOPLIST_KEY_UILaunchScreen_Generation = YES;
				INFOPLIST_KEY_UISupportedInterfaceOrientations_iPad = "UIInterfaceOrientationPortrait UIInterfaceOrientationPortraitUpsideDown UIInterfaceOrientationLandscapeLeft UIInterfaceOrientationLandscapeRight";
				INFOPLIST_KEY_UISupportedInterfaceOrientations_iPhone = "UIInterfaceOrientationPortrait UIInterfaceOrientationLandscapeLeft UIInterfaceOrientationLandscapeRight";
				LD_RUNPATH_SEARCH_PATHS = (
					"$(inherited)",
					"@executable_path/Frameworks",
				);
				MARKETING_VERSION = 1.0;
				PRODUCT_BUNDLE_IDENTIFIER = ip.VKWithSwiftUI;
				PRODUCT_NAME = "$(TARGET_NAME)";
				SWIFT_EMIT_LOC_STRINGS = YES;
				SWIFT_VERSION = 5.0;
				TARGETED_DEVICE_FAMILY = "1,2";
			};
			name = Debug;
		};
		6C7DEC36285DD746001872AC /* Release */ = {
			isa = XCBuildConfiguration;
			buildSettings = {
				ASSETCATALOG_COMPILER_APPICON_NAME = AppIcon;
				ASSETCATALOG_COMPILER_GLOBAL_ACCENT_COLOR_NAME = AccentColor;
				CODE_SIGN_STYLE = Automatic;
				CURRENT_PROJECT_VERSION = 1;
				DEVELOPMENT_ASSET_PATHS = "\"VKWithSwiftUI/Preview Content\"";
				DEVELOPMENT_TEAM = AK35JG733X;
				ENABLE_PREVIEWS = YES;
				GENERATE_INFOPLIST_FILE = YES;
				INFOPLIST_KEY_UIApplicationSceneManifest_Generation = YES;
				INFOPLIST_KEY_UIApplicationSupportsIndirectInputEvents = YES;
				INFOPLIST_KEY_UILaunchScreen_Generation = YES;
				INFOPLIST_KEY_UISupportedInterfaceOrientations_iPad = "UIInterfaceOrientationPortrait UIInterfaceOrientationPortraitUpsideDown UIInterfaceOrientationLandscapeLeft UIInterfaceOrientationLandscapeRight";
				INFOPLIST_KEY_UISupportedInterfaceOrientations_iPhone = "UIInterfaceOrientationPortrait UIInterfaceOrientationLandscapeLeft UIInterfaceOrientationLandscapeRight";
				LD_RUNPATH_SEARCH_PATHS = (
					"$(inherited)",
					"@executable_path/Frameworks",
				);
				MARKETING_VERSION = 1.0;
				PRODUCT_BUNDLE_IDENTIFIER = ip.VKWithSwiftUI;
				PRODUCT_NAME = "$(TARGET_NAME)";
				SWIFT_EMIT_LOC_STRINGS = YES;
				SWIFT_VERSION = 5.0;
				TARGETED_DEVICE_FAMILY = "1,2";
			};
			name = Release;
		};
/* End XCBuildConfiguration section */

/* Begin XCConfigurationList section */
		6C7DEC21285DD744001872AC /* Build configuration list for PBXProject "VKWithSwiftUI" */ = {
			isa = XCConfigurationList;
			buildConfigurations = (
				6C7DEC32285DD746001872AC /* Debug */,
				6C7DEC33285DD746001872AC /* Release */,
			);
			defaultConfigurationIsVisible = 0;
			defaultConfigurationName = Release;
		};
		6C7DEC34285DD746001872AC /* Build configuration list for PBXNativeTarget "VKWithSwiftUI" */ = {
			isa = XCConfigurationList;
			buildConfigurations = (
				6C7DEC35285DD746001872AC /* Debug */,
				6C7DEC36285DD746001872AC /* Release */,
			);
			defaultConfigurationIsVisible = 0;
			defaultConfigurationName = Release;
		};
/* End XCConfigurationList section */

/* Begin XCRemoteSwiftPackageReference section */
		6CA3D43228698AF000A5A146 /* XCRemoteSwiftPackageReference "Kingfisher" */ = {
			isa = XCRemoteSwiftPackageReference;
			repositoryURL = "https://github.com/onevcat/Kingfisher.git";
			requirement = {
				branch = master;
				kind = branch;
			};
		};
/* End XCRemoteSwiftPackageReference section */

/* Begin XCSwiftPackageProductDependency section */
		6CA3D43328698AF000A5A146 /* Kingfisher */ = {
			isa = XCSwiftPackageProductDependency;
			package = 6CA3D43228698AF000A5A146 /* XCRemoteSwiftPackageReference "Kingfisher" */;
			productName = Kingfisher;
		};
/* End XCSwiftPackageProductDependency section */
	};
	rootObject = 6C7DEC1E285DD744001872AC /* Project object */;
}
